
Microsoft Visual Studio Solution File, Format Version 12.00
# Visual Studio Version 16
VisualStudioVersion = 16.0.31702.278
MinimumVisualStudioVersion = 10.0.40219.1
Project("{FAE04EC0-301F-11D3-BF4B-00C04F79EFBC}") = "Teste001", "Teste001\Teste001.csproj", "{D01FA570-FCFE-4972-A287-DFE32BD69AEC}"
EndProject
Global
	GlobalSection(SolutionConfigurationPlatforms) = preSolution
		Debug|Any CPU = Debug|Any CPU
		Release|Any CPU = Release|Any CPU
	EndGlobalSection
	GlobalSection(ProjectConfigurationPlatforms) = postSolution
		{D01FA570-FCFE-4972-A287-DFE32BD69AEC}.Debug|Any CPU.ActiveCfg = Debug|Any CPU
		{D01FA570-FCFE-4972-A287-DFE32BD69AEC}.Debug|Any CPU.Build.0 = Debug|Any CPU
		{D01FA570-FCFE-4972-A287-DFE32BD69AEC}.Release|Any CPU.ActiveCfg = Release|Any CPU
		{D01FA570-FCFE-4972-A287-DFE32BD69AEC}.Release|Any CPU.Build.0 = Release|Any CPU
	EndGlobalSection
	GlobalSection(SolutionProperties) = preSolution
		HideSolutionNode = FALSE
	EndGlobalSection
	GlobalSection(ExtensibilityGlobals) = postSolution
		SolutionGuid = {29A8AF19-00ED-4EC5-AB71-68289DDC6D11}
	EndGlobalSection
EndGlobal
